
Microsoft Visual Studio Solution File, Format Version 12.00
# Visual Studio Version 16
VisualStudioVersion = 16.0.30503.244
MinimumVisualStudioVersion = 10.0.40219.1
Project("{FAE04EC0-301F-11D3-BF4B-00C04F79EFBC}") = "PMS", "PMS.csproj", "{5B714D52-EE17-4291-B351-633AD7D24727}"
EndProject
Project("{FAE04EC0-301F-11D3-BF4B-00C04F79EFBC}") = "Models", "..\Models\Models.csproj", "{77DAF38B-A584-4035-B0E3-F3DBD4DDA5A8}"
EndProject
Project("{FAE04EC0-301F-11D3-BF4B-00C04F79EFBC}") = "DataAccess", "..\DataAccess\DataAccess.csproj", "{D6B2BF25-DBD4-4CC3-B4D8-C3805907A44D}"
EndProject
Global
	GlobalSection(SolutionConfigurationPlatforms) = preSolution
		Debug|Any CPU = Debug|Any CPU
		Release|Any CPU = Release|Any CPU
	EndGlobalSection
	GlobalSection(ProjectConfigurationPlatforms) = postSolution
		{5B714D52-EE17-4291-B351-633AD7D24727}.Debug|Any CPU.ActiveCfg = Debug|Any CPU
		{5B714D52-EE17-4291-B351-633AD7D24727}.Debug|Any CPU.Build.0 = Debug|Any CPU
		{5B714D52-EE17-4291-B351-633AD7D24727}.Release|Any CPU.ActiveCfg = Release|Any CPU
		{5B714D52-EE17-4291-B351-633AD7D24727}.Release|Any CPU.Build.0 = Release|Any CPU
		{77DAF38B-A584-4035-B0E3-F3DBD4DDA5A8}.Debug|Any CPU.ActiveCfg = Debug|Any CPU
		{77DAF38B-A584-4035-B0E3-F3DBD4DDA5A8}.Debug|Any CPU.Build.0 = Debug|Any CPU
		{77DAF38B-A584-4035-B0E3-F3DBD4DDA5A8}.Release|Any CPU.ActiveCfg = Release|Any CPU
		{77DAF38B-A584-4035-B0E3-F3DBD4DDA5A8}.Release|Any CPU.Build.0 = Release|Any CPU
		{D6B2BF25-DBD4-4CC3-B4D8-C3805907A44D}.Debug|Any CPU.ActiveCfg = Debug|Any CPU
		{D6B2BF25-DBD4-4CC3-B4D8-C3805907A44D}.Debug|Any CPU.Build.0 = Debug|Any CPU
		{D6B2BF25-DBD4-4CC3-B4D8-C3805907A44D}.Release|Any CPU.ActiveCfg = Release|Any CPU
		{D6B2BF25-DBD4-4CC3-B4D8-C3805907A44D}.Release|Any CPU.Build.0 = Release|Any CPU
	EndGlobalSection
	GlobalSection(SolutionProperties) = preSolution
		HideSolutionNode = FALSE
	EndGlobalSection
	GlobalSection(ExtensibilityGlobals) = postSolution
		EnterpriseLibraryConfigurationToolBinariesPathV6 = packages\EnterpriseLibrary.Common.6.0.1304.0\lib\NET45;packages\EnterpriseLibrary.Data.6.0.1304.0\lib\NET45
		SolutionGuid = {8C5A24D7-AC47-4829-A187-2AE0B3823E9D}
	EndGlobalSection
EndGlobal
